
Microsoft Visual Studio Solution File, Format Version 12.00
# Visual Studio 15
VisualStudioVersion = 15.0.27703.2026
MinimumVisualStudioVersion = 10.0.40219.1
Project("{8BC9CEB8-8B4A-11D0-8D11-00A0C91BC942}") = "MSet", "MSet\MSet.vcxproj", "{62B8E688-6E84-4795-BE3A-617EEBD16CD8}"
EndProject
Global
	GlobalSection(SolutionConfigurationPlatforms) = preSolution
		Debug|x64 = Debug|x64
		Debug|x86 = Debug|x86
		Release|x64 = Release|x64
		Release|x86 = Release|x86
	EndGlobalSection
	GlobalSection(ProjectConfigurationPlatforms) = postSolution
		{62B8E688-6E84-4795-BE3A-617EEBD16CD8}.Debug|x64.ActiveCfg = Debug|x64
		{62B8E688-6E84-4795-BE3A-617EEBD16CD8}.Debug|x64.Build.0 = Debug|x64
		{62B8E688-6E84-4795-BE3A-617EEBD16CD8}.Debug|x86.ActiveCfg = Debug|Win32
		{62B8E688-6E84-4795-BE3A-617EEBD16CD8}.Debug|x86.Build.0 = Debug|Win32
		{62B8E688-6E84-4795-BE3A-617EEBD16CD8}.Release|x64.ActiveCfg = Release|x64
		{62B8E688-6E84-4795-BE3A-617EEBD16CD8}.Release|x64.Build.0 = Release|x64
		{62B8E688-6E84-4795-BE3A-617EEBD16CD8}.Release|x86.ActiveCfg = Release|Win32
		{62B8E688-6E84-4795-BE3A-617EEBD16CD8}.Release|x86.Build.0 = Release|Win32
	EndGlobalSection
	GlobalSection(SolutionProperties) = preSolution
		HideSolutionNode = FALSE
	EndGlobalSection
	GlobalSection(ExtensibilityGlobals) = postSolution
		SolutionGuid = {B10D6791-90EE-4223-9C1F-7A70750998D7}
	EndGlobalSection
EndGlobal
